// !$*UTF8*$!
{
	archiveVersion = 1;
	classes = {
	};
	objectVersion = 50;
	objects = {

/* Begin PBXBuildFile section */
		0B4E4FF320AAE71700021972 /* AppDelegate.m in Sources */ = {isa = PBXBuildFile; fileRef = 0B4E4FF220AAE71700021972 /* AppDelegate.m */; };
		0B4E4FF620AAE71700021972 /* ViewController.m in Sources */ = {isa = PBXBuildFile; fileRef = 0B4E4FF520AAE71700021972 /* ViewController.m */; };
		0B4E4FF920AAE71700021972 /* Main.storyboard in Resources */ = {isa = PBXBuildFile; fileRef = 0B4E4FF720AAE71700021972 /* Main.storyboard */; };
		0B4E4FFB20AAE71A00021972 /* Assets.xcassets in Resources */ = {isa = PBXBuildFile; fileRef = 0B4E4FFA20AAE71A00021972 /* Assets.xcassets */; };
		0B4E4FFE20AAE71A00021972 /* LaunchScreen.storyboard in Resources */ = {isa = PBXBuildFile; fileRef = 0B4E4FFC20AAE71A00021972 /* LaunchScreen.storyboard */; };
		0B4E500120AAE71A00021972 /* main.m in Sources */ = {isa = PBXBuildFile; fileRef = 0B4E500020AAE71A00021972 /* main.m */; };
		0B4E500B20AAE71B00021972 /* YTableExTests.m in Sources */ = {isa = PBXBuildFile; fileRef = 0B4E500A20AAE71B00021972 /* YTableExTests.m */; };
		0B4E501620AAE71B00021972 /* YTableExUITests.m in Sources */ = {isa = PBXBuildFile; fileRef = 0B4E501520AAE71B00021972 /* YTableExUITests.m */; };
		0B4E502620AAE7AE00021972 /* UIScrollView+XXX.m in Sources */ = {isa = PBXBuildFile; fileRef = 0B4E502520AAE7AE00021972 /* UIScrollView+XXX.m */; };
		0B4E502920AAE8DC00021972 /* XXXTableLoadConfig.m in Sources */ = {isa = PBXBuildFile; fileRef = 0B4E502820AAE8DC00021972 /* XXXTableLoadConfig.m */; };
		0BFC068020AC10F400B875D9 /* UIView+XXX.m in Sources */ = {isa = PBXBuildFile; fileRef = 0BFC067F20AC10F400B875D9 /* UIView+XXX.m */; };
		0BFC068620AC18AE00B875D9 /* RootViewController.m in Sources */ = {isa = PBXBuildFile; fileRef = 0BFC068520AC18AE00B875D9 /* RootViewController.m */; };
		C0C69D7B2A211199448706BD /* Pods_YTableEx.framework in Frameworks */ = {isa = PBXBuildFile; fileRef = 46F7EEC685AEC62359B5ADCC /* Pods_YTableEx.framework */; };
/* End PBXBuildFile section */

/* Begin PBXContainerItemProxy section */
		0B4E500720AAE71B00021972 /* PBXContainerItemProxy */ = {
			isa = PBXContainerItemProxy;
			containerPortal = 0B4E4FE620AAE71700021972 /* Project object */;
			proxyType = 1;
			remoteGlobalIDString = 0B4E4FED20AAE71700021972;
			remoteInfo = YTableEx;
		};
		0B4E501220AAE71B00021972 /* PBXContainerItemProxy */ = {
			isa = PBXContainerItemProxy;
			containerPortal = 0B4E4FE620AAE71700021972 /* Project object */;
			proxyType = 1;
			remoteGlobalIDString = 0B4E4FED20AAE71700021972;
			remoteInfo = YTableEx;
		};
/* End PBXContainerItemProxy section */

/* Begin PBXFileReference section */
		085416145E5A1159E218A55C /* Pods-YTableEx.debug.xcconfig */ = {isa = PBXFileReference; includeInIndex = 1; lastKnownFileType = text.xcconfig; name = "Pods-YTableEx.debug.xcconfig"; path = "Pods/Target Support Files/Pods-YTableEx/Pods-YTableEx.debug.xcconfig"; sourceTree = "<group>"; };
		0B4E4FEE20AAE71700021972 /* YTableEx.app */ = {isa = PBXFileReference; explicitFileType = wrapper.application; includeInIndex = 0; path = YTableEx.app; sourceTree = BUILT_PRODUCTS_DIR; };
		0B4E4FF120AAE71700021972 /* AppDelegate.h */ = {isa = PBXFileReference; lastKnownFileType = sourcecode.c.h; path = AppDelegate.h; sourceTree = "<group>"; };
		0B4E4FF220AAE71700021972 /* AppDelegate.m */ = {isa = PBXFileReference; lastKnownFileType = sourcecode.c.objc; path = AppDelegate.m; sourceTree = "<group>"; };
		0B4E4FF420AAE71700021972 /* ViewController.h */ = {isa = PBXFileReference; lastKnownFileType = sourcecode.c.h; path = ViewController.h; sourceTree = "<group>"; };
		0B4E4FF520AAE71700021972 /* ViewController.m */ = {isa = PBXFileReference; lastKnownFileType = sourcecode.c.objc; path = ViewController.m; sourceTree = "<group>"; };
		0B4E4FF820AAE71700021972 /* Base */ = {isa = PBXFileReference; lastKnownFileType = file.storyboard; name = Base; path = Base.lproj/Main.storyboard; sourceTree = "<group>"; };
		0B4E4FFA20AAE71A00021972 /* Assets.xcassets */ = {isa = PBXFileReference; lastKnownFileType = folder.assetcatalog; path = Assets.xcassets; sourceTree = "<group>"; };
		0B4E4FFD20AAE71A00021972 /* Base */ = {isa = PBXFileReference; lastKnownFileType = file.storyboard; name = Base; path = Base.lproj/LaunchScreen.storyboard; sourceTree = "<group>"; };
		0B4E4FFF20AAE71A00021972 /* Info.plist */ = {isa = PBXFileReference; lastKnownFileType = text.plist.xml; path = Info.plist; sourceTree = "<group>"; };
		0B4E500020AAE71A00021972 /* main.m */ = {isa = PBXFileReference; lastKnownFileType = sourcecode.c.objc; path = main.m; sourceTree = "<group>"; };
		0B4E500620AAE71B00021972 /* YTableExTests.xctest */ = {isa = PBXFileReference; explicitFileType = wrapper.cfbundle; includeInIndex = 0; path = YTableExTests.xctest; sourceTree = BUILT_PRODUCTS_DIR; };
		0B4E500A20AAE71B00021972 /* YTableExTests.m */ = {isa = PBXFileReference; lastKnownFileType = sourcecode.c.objc; path = YTableExTests.m; sourceTree = "<group>"; };
		0B4E500C20AAE71B00021972 /* Info.plist */ = {isa = PBXFileReference; lastKnownFileType = text.plist.xml; path = Info.plist; sourceTree = "<group>"; };
		0B4E501120AAE71B00021972 /* YTableExUITests.xctest */ = {isa = PBXFileReference; explicitFileType = wrapper.cfbundle; includeInIndex = 0; path = YTableExUITests.xctest; sourceTree = BUILT_PRODUCTS_DIR; };
		0B4E501520AAE71B00021972 /* YTableExUITests.m */ = {isa = PBXFileReference; lastKnownFileType = sourcecode.c.objc; path = YTableExUITests.m; sourceTree = "<group>"; };
		0B4E501720AAE71B00021972 /* Info.plist */ = {isa = PBXFileReference; lastKnownFileType = text.plist.xml; path = Info.plist; sourceTree = "<group>"; };
		0B4E502420AAE7AE00021972 /* UIScrollView+XXX.h */ = {isa = PBXFileReference; fileEncoding = 4; lastKnownFileType = sourcecode.c.h; path = "UIScrollView+XXX.h"; sourceTree = "<group>"; };
		0B4E502520AAE7AE00021972 /* UIScrollView+XXX.m */ = {isa = PBXFileReference; fileEncoding = 4; lastKnownFileType = sourcecode.c.objc; path = "UIScrollView+XXX.m"; sourceTree = "<group>"; };
		0B4E502720AAE8DC00021972 /* XXXTableLoadConfig.h */ = {isa = PBXFileReference; lastKnownFileType = sourcecode.c.h; path = XXXTableLoadConfig.h; sourceTree = "<group>"; };
		0B4E502820AAE8DC00021972 /* XXXTableLoadConfig.m */ = {isa = PBXFileReference; lastKnownFileType = sourcecode.c.objc; path = XXXTableLoadConfig.m; sourceTree = "<group>"; };
		0BFC067E20AC10F400B875D9 /* UIView+XXX.h */ = {isa = PBXFileReference; lastKnownFileType = sourcecode.c.h; path = "UIView+XXX.h"; sourceTree = "<group>"; };
		0BFC067F20AC10F400B875D9 /* UIView+XXX.m */ = {isa = PBXFileReference; lastKnownFileType = sourcecode.c.objc; path = "UIView+XXX.m"; sourceTree = "<group>"; };
		0BFC068420AC18AE00B875D9 /* RootViewController.h */ = {isa = PBXFileReference; lastKnownFileType = sourcecode.c.h; path = RootViewController.h; sourceTree = "<group>"; };
		0BFC068520AC18AE00B875D9 /* RootViewController.m */ = {isa = PBXFileReference; lastKnownFileType = sourcecode.c.objc; path = RootViewController.m; sourceTree = "<group>"; };
		0BFC068720AC260900B875D9 /* XXXTableHeader.h */ = {isa = PBXFileReference; lastKnownFileType = sourcecode.c.h; path = XXXTableHeader.h; sourceTree = "<group>"; };
		46F7EEC685AEC62359B5ADCC /* Pods_YTableEx.framework */ = {isa = PBXFileReference; explicitFileType = wrapper.framework; includeInIndex = 0; path = Pods_YTableEx.framework; sourceTree = BUILT_PRODUCTS_DIR; };
		6F8F401B965561F3DA3AECA9 /* Pods-YTableEx.release.xcconfig */ = {isa = PBXFileReference; includeInIndex = 1; lastKnownFileType = text.xcconfig; name = "Pods-YTableEx.release.xcconfig"; path = "Pods/Target Support Files/Pods-YTableEx/Pods-YTableEx.release.xcconfig"; sourceTree = "<group>"; };
/* End PBXFileReference section */

/* Begin PBXFrameworksBuildPhase section */
		0B4E4FEB20AAE71700021972 /* Frameworks */ = {
			isa = PBXFrameworksBuildPhase;
			buildActionMask = 2147483647;
			files = (
				C0C69D7B2A211199448706BD /* Pods_YTableEx.framework in Frameworks */,
			);
			runOnlyForDeploymentPostprocessing = 0;
		};
		0B4E500320AAE71B00021972 /* Frameworks */ = {
			isa = PBXFrameworksBuildPhase;
			buildActionMask = 2147483647;
			files = (
			);
			runOnlyForDeploymentPostprocessing = 0;
		};
		0B4E500E20AAE71B00021972 /* Frameworks */ = {
			isa = PBXFrameworksBuildPhase;
			buildActionMask = 2147483647;
			files = (
			);
			runOnlyForDeploymentPostprocessing = 0;
		};
/* End PBXFrameworksBuildPhase section */

/* Begin PBXGroup section */
		0B4E4FE520AAE71700021972 = {
			isa = PBXGroup;
			children = (
				0B4E502320AAE7AE00021972 /* XXXTableLoad */,
				0B4E4FF020AAE71700021972 /* YTableEx */,
				0B4E500920AAE71B00021972 /* YTableExTests */,
				0B4E501420AAE71B00021972 /* YTableExUITests */,
				0B4E4FEF20AAE71700021972 /* Products */,
				EAC566F81F1510000BE42975 /* Pods */,
				203BAB0889B54A8DFB309298 /* Frameworks */,
			);
			sourceTree = "<group>";
		};
		0B4E4FEF20AAE71700021972 /* Products */ = {
			isa = PBXGroup;
			children = (
				0B4E4FEE20AAE71700021972 /* YTableEx.app */,
				0B4E500620AAE71B00021972 /* YTableExTests.xctest */,
				0B4E501120AAE71B00021972 /* YTableExUITests.xctest */,
			);
			name = Products;
			sourceTree = "<group>";
		};
		0B4E4FF020AAE71700021972 /* YTableEx */ = {
			isa = PBXGroup;
			children = (
				0B4E4FF120AAE71700021972 /* AppDelegate.h */,
				0B4E4FF220AAE71700021972 /* AppDelegate.m */,
				0BFC068420AC18AE00B875D9 /* RootViewController.h */,
				0BFC068520AC18AE00B875D9 /* RootViewController.m */,
				0B4E4FF420AAE71700021972 /* ViewController.h */,
				0B4E4FF520AAE71700021972 /* ViewController.m */,
				0B4E4FF720AAE71700021972 /* Main.storyboard */,
				0B4E4FFA20AAE71A00021972 /* Assets.xcassets */,
				0B4E4FFC20AAE71A00021972 /* LaunchScreen.storyboard */,
				0B4E4FFF20AAE71A00021972 /* Info.plist */,
				0B4E500020AAE71A00021972 /* main.m */,
			);
			path = YTableEx;
			sourceTree = "<group>";
		};
		0B4E500920AAE71B00021972 /* YTableExTests */ = {
			isa = PBXGroup;
			children = (
				0B4E500A20AAE71B00021972 /* YTableExTests.m */,
				0B4E500C20AAE71B00021972 /* Info.plist */,
			);
			path = YTableExTests;
			sourceTree = "<group>";
		};
		0B4E501420AAE71B00021972 /* YTableExUITests */ = {
			isa = PBXGroup;
			children = (
				0B4E501520AAE71B00021972 /* YTableExUITests.m */,
				0B4E501720AAE71B00021972 /* Info.plist */,
			);
			path = YTableExUITests;
			sourceTree = "<group>";
		};
		0B4E502320AAE7AE00021972 /* XXXTableLoad */ = {
			isa = PBXGroup;
			children = (
				0BFC068720AC260900B875D9 /* XXXTableHeader.h */,
				0B4E502720AAE8DC00021972 /* XXXTableLoadConfig.h */,
				0B4E502820AAE8DC00021972 /* XXXTableLoadConfig.m */,
				0B4E502420AAE7AE00021972 /* UIScrollView+XXX.h */,
				0B4E502520AAE7AE00021972 /* UIScrollView+XXX.m */,
				0BFC067E20AC10F400B875D9 /* UIView+XXX.h */,
				0BFC067F20AC10F400B875D9 /* UIView+XXX.m */,
			);
			path = XXXTableLoad;
			sourceTree = "<group>";
		};
		203BAB0889B54A8DFB309298 /* Frameworks */ = {
			isa = PBXGroup;
			children = (
				46F7EEC685AEC62359B5ADCC /* Pods_YTableEx.framework */,
			);
			name = Frameworks;
			sourceTree = "<group>";
		};
		EAC566F81F1510000BE42975 /* Pods */ = {
			isa = PBXGroup;
			children = (
				085416145E5A1159E218A55C /* Pods-YTableEx.debug.xcconfig */,
				6F8F401B965561F3DA3AECA9 /* Pods-YTableEx.release.xcconfig */,
			);
			name = Pods;
			sourceTree = "<group>";
		};
/* End PBXGroup section */

/* Begin PBXNativeTarget section */
		0B4E4FED20AAE71700021972 /* YTableEx */ = {
			isa = PBXNativeTarget;
			buildConfigurationList = 0B4E501A20AAE71B00021972 /* Build configuration list for PBXNativeTarget "YTableEx" */;
			buildPhases = (
				4D5761D26302719AF8D2761E /* [CP] Check Pods Manifest.lock */,
				0B4E4FEA20AAE71700021972 /* Sources */,
				0B4E4FEB20AAE71700021972 /* Frameworks */,
				0B4E4FEC20AAE71700021972 /* Resources */,
				0401500DA0D33663C2BC53DE /* [CP] Embed Pods Frameworks */,
			);
			buildRules = (
			);
			dependencies = (
			);
			name = YTableEx;
			productName = YTableEx;
			productReference = 0B4E4FEE20AAE71700021972 /* YTableEx.app */;
			productType = "com.apple.product-type.application";
		};
		0B4E500520AAE71B00021972 /* YTableExTests */ = {
			isa = PBXNativeTarget;
			buildConfigurationList = 0B4E501D20AAE71B00021972 /* Build configuration list for PBXNativeTarget "YTableExTests" */;
			buildPhases = (
				0B4E500220AAE71B00021972 /* Sources */,
				0B4E500320AAE71B00021972 /* Frameworks */,
				0B4E500420AAE71B00021972 /* Resources */,
			);
			buildRules = (
			);
			dependencies = (
				0B4E500820AAE71B00021972 /* PBXTargetDependency */,
			);
			name = YTableExTests;
			productName = YTableExTests;
			productReference = 0B4E500620AAE71B00021972 /* YTableExTests.xctest */;
			productType = "com.apple.product-type.bundle.unit-test";
		};
		0B4E501020AAE71B00021972 /* YTableExUITests */ = {
			isa = PBXNativeTarget;
			buildConfigurationList = 0B4E502020AAE71B00021972 /* Build configuration list for PBXNativeTarget "YTableExUITests" */;
			buildPhases = (
				0B4E500D20AAE71B00021972 /* Sources */,
				0B4E500E20AAE71B00021972 /* Frameworks */,
				0B4E500F20AAE71B00021972 /* Resources */,
			);
			buildRules = (
			);
			dependencies = (
				0B4E501320AAE71B00021972 /* PBXTargetDependency */,
			);
			name = YTableExUITests;
			productName = YTableExUITests;
			productReference = 0B4E501120AAE71B00021972 /* YTableExUITests.xctest */;
			productType = "com.apple.product-type.bundle.ui-testing";
		};
/* End PBXNativeTarget section */

/* Begin PBXProject section */
		0B4E4FE620AAE71700021972 /* Project object */ = {
			isa = PBXProject;
			attributes = {
				LastUpgradeCheck = 0930;
				ORGANIZATIONNAME = 2YF;
				TargetAttributes = {
					0B4E4FED20AAE71700021972 = {
						CreatedOnToolsVersion = 9.3.1;
					};
					0B4E500520AAE71B00021972 = {
						CreatedOnToolsVersion = 9.3.1;
						TestTargetID = 0B4E4FED20AAE71700021972;
					};
					0B4E501020AAE71B00021972 = {
						CreatedOnToolsVersion = 9.3.1;
						TestTargetID = 0B4E4FED20AAE71700021972;
					};
				};
			};
			buildConfigurationList = 0B4E4FE920AAE71700021972 /* Build configuration list for PBXProject "YTableEx" */;
			compatibilityVersion = "Xcode 9.3";
			developmentRegion = en;
			hasScannedForEncodings = 0;
			knownRegions = (
				en,
				Base,
			);
			mainGroup = 0B4E4FE520AAE71700021972;
			productRefGroup = 0B4E4FEF20AAE71700021972 /* Products */;
			projectDirPath = "";
			projectRoot = "";
			targets = (
				0B4E4FED20AAE71700021972 /* YTableEx */,
				0B4E500520AAE71B00021972 /* YTableExTests */,
				0B4E501020AAE71B00021972 /* YTableExUITests */,
			);
		};
/* End PBXProject section */

/* Begin PBXResourcesBuildPhase section */
		0B4E4FEC20AAE71700021972 /* Resources */ = {
			isa = PBXResourcesBuildPhase;
			buildActionMask = 2147483647;
			files = (
				0B4E4FFE20AAE71A00021972 /* LaunchScreen.storyboard in Resources */,
				0B4E4FFB20AAE71A00021972 /* Assets.xcassets in Resources */,
				0B4E4FF920AAE71700021972 /* Main.storyboard in Resources */,
			);
			runOnlyForDeploymentPostprocessing = 0;
		};
		0B4E500420AAE71B00021972 /* Resources */ = {
			isa = PBXResourcesBuildPhase;
			buildActionMask = 2147483647;
			files = (
			);
			runOnlyForDeploymentPostprocessing = 0;
		};
		0B4E500F20AAE71B00021972 /* Resources */ = {
			isa = PBXResourcesBuildPhase;
			buildActionMask = 2147483647;
			files = (
			);
			runOnlyForDeploymentPostprocessing = 0;
		};
/* End PBXResourcesBuildPhase section */

/* Begin PBXShellScriptBuildPhase section */
		0401500DA0D33663C2BC53DE /* [CP] Embed Pods Frameworks */ = {
			isa = PBXShellScriptBuildPhase;
			buildActionMask = 2147483647;
			files = (
			);
			inputPaths = (
				"${SRCROOT}/Pods/Target Support Files/Pods-YTableEx/Pods-YTableEx-frameworks.sh",
				"${BUILT_PRODUCTS_DIR}/MJRefresh/MJRefresh.framework",
				"${BUILT_PRODUCTS_DIR}/ReactiveCocoa/ReactiveCocoa.framework",
				"${BUILT_PRODUCTS_DIR}/SDAutoLayout/SDAutoLayout.framework",
			);
			name = "[CP] Embed Pods Frameworks";
			outputPaths = (
				"${TARGET_BUILD_DIR}/${FRAMEWORKS_FOLDER_PATH}/MJRefresh.framework",
				"${TARGET_BUILD_DIR}/${FRAMEWORKS_FOLDER_PATH}/ReactiveCocoa.framework",
				"${TARGET_BUILD_DIR}/${FRAMEWORKS_FOLDER_PATH}/SDAutoLayout.framework",
			);
			runOnlyForDeploymentPostprocessing = 0;
			shellPath = /bin/sh;
			shellScript = "\"${SRCROOT}/Pods/Target Support Files/Pods-YTableEx/Pods-YTableEx-frameworks.sh\"\n";
			showEnvVarsInLog = 0;
		};
		4D5761D26302719AF8D2761E /* [CP] Check Pods Manifest.lock */ = {
			isa = PBXShellScriptBuildPhase;
			buildActionMask = 2147483647;
			files = (
			);
			inputPaths = (
				"${PODS_PODFILE_DIR_PATH}/Podfile.lock",
				"${PODS_ROOT}/Manifest.lock",
			);
			name = "[CP] Check Pods Manifest.lock";
			outputPaths = (
				"$(DERIVED_FILE_DIR)/Pods-YTableEx-checkManifestLockResult.txt",
			);
			runOnlyForDeploymentPostprocessing = 0;
			shellPath = /bin/sh;
			shellScript = "diff \"${PODS_PODFILE_DIR_PATH}/Podfile.lock\" \"${PODS_ROOT}/Manifest.lock\" > /dev/null\nif [ $? != 0 ] ; then\n    # print error to STDERR\n    echo \"error: The sandbox is not in sync with the Podfile.lock. Run 'pod install' or update your CocoaPods installation.\" >&2\n    exit 1\nfi\n# This output is used by Xcode 'outputs' to avoid re-running this script phase.\necho \"SUCCESS\" > \"${SCRIPT_OUTPUT_FILE_0}\"\n";
			showEnvVarsInLog = 0;
		};
/* End PBXShellScriptBuildPhase section */

/* Begin PBXSourcesBuildPhase section */
		0B4E4FEA20AAE71700021972 /* Sources */ = {
			isa = PBXSourcesBuildPhase;
			buildActionMask = 2147483647;
			files = (
				0B4E502620AAE7AE00021972 /* UIScrollView+XXX.m in Sources */,
				0BFC068020AC10F400B875D9 /* UIView+XXX.m in Sources */,
				0BFC068620AC18AE00B875D9 /* RootViewController.m in Sources */,
				0B4E4FF620AAE71700021972 /* ViewController.m in Sources */,
				0B4E500120AAE71A00021972 /* main.m in Sources */,
				0B4E4FF320AAE71700021972 /* AppDelegate.m in Sources */,
				0B4E502920AAE8DC00021972 /* XXXTableLoadConfig.m in Sources */,
			);
			runOnlyForDeploymentPostprocessing = 0;
		};
		0B4E500220AAE71B00021972 /* Sources */ = {
			isa = PBXSourcesBuildPhase;
			buildActionMask = 2147483647;
			files = (
				0B4E500B20AAE71B00021972 /* YTableExTests.m in Sources */,
			);
			runOnlyForDeploymentPostprocessing = 0;
		};
		0B4E500D20AAE71B00021972 /* Sources */ = {
			isa = PBXSourcesBuildPhase;
			buildActionMask = 2147483647;
			files = (
				0B4E501620AAE71B00021972 /* YTableExUITests.m in Sources */,
			);
			runOnlyForDeploymentPostprocessing = 0;
		};
/* End PBXSourcesBuildPhase section */

/* Begin PBXTargetDependency section */
		0B4E500820AAE71B00021972 /* PBXTargetDependency */ = {
			isa = PBXTargetDependency;
			target = 0B4E4FED20AAE71700021972 /* YTableEx */;
			targetProxy = 0B4E500720AAE71B00021972 /* PBXContainerItemProxy */;
		};
		0B4E501320AAE71B00021972 /* PBXTargetDependency */ = {
			isa = PBXTargetDependency;
			target = 0B4E4FED20AAE71700021972 /* YTableEx */;
			targetProxy = 0B4E501220AAE71B00021972 /* PBXContainerItemProxy */;
		};
/* End PBXTargetDependency section */

/* Begin PBXVariantGroup section */
		0B4E4FF720AAE71700021972 /* Main.storyboard */ = {
			isa = PBXVariantGroup;
			children = (
				0B4E4FF820AAE71700021972 /* Base */,
			);
			name = Main.storyboard;
			sourceTree = "<group>";
		};
		0B4E4FFC20AAE71A00021972 /* LaunchScreen.storyboard */ = {
			isa = PBXVariantGroup;
			children = (
				0B4E4FFD20AAE71A00021972 /* Base */,
			);
			name = LaunchScreen.storyboard;
			sourceTree = "<group>";
		};
/* End PBXVariantGroup section */

/* Begin XCBuildConfiguration section */
		0B4E501820AAE71B00021972 /* Debug */ = {
			isa = XCBuildConfiguration;
			buildSettings = {
				ALWAYS_SEARCH_USER_PATHS = NO;
				CLANG_ANALYZER_NONNULL = YES;
				CLANG_ANALYZER_NUMBER_OBJECT_CONVERSION = YES_AGGRESSIVE;
				CLANG_CXX_LANGUAGE_STANDARD = "gnu++14";
				CLANG_CXX_LIBRARY = "libc++";
				CLANG_ENABLE_MODULES = YES;
				CLANG_ENABLE_OBJC_ARC = YES;
				CLANG_ENABLE_OBJC_WEAK = YES;
				CLANG_WARN_BLOCK_CAPTURE_AUTORELEASING = YES;
				CLANG_WARN_BOOL_CONVERSION = YES;
				CLANG_WARN_COMMA = YES;
				CLANG_WARN_CONSTANT_CONVERSION = YES;
				CLANG_WARN_DEPRECATED_OBJC_IMPLEMENTATIONS = YES;
				CLANG_WARN_DIRECT_OBJC_ISA_USAGE = YES_ERROR;
				CLANG_WARN_DOCUMENTATION_COMMENTS = YES;
				CLANG_WARN_EMPTY_BODY = YES;
				CLANG_WARN_ENUM_CONVERSION = YES;
				CLANG_WARN_INFINITE_RECURSION = YES;
				CLANG_WARN_INT_CONVERSION = YES;
				CLANG_WARN_NON_LITERAL_NULL_CONVERSION = YES;
				CLANG_WARN_OBJC_IMPLICIT_RETAIN_SELF = YES;
				CLANG_WARN_OBJC_LITERAL_CONVERSION = YES;
				CLANG_WARN_OBJC_ROOT_CLASS = YES_ERROR;
				CLANG_WARN_RANGE_LOOP_ANALYSIS = YES;
				CLANG_WARN_STRICT_PROTOTYPES = YES;
				CLANG_WARN_SUSPICIOUS_MOVE = YES;
				CLANG_WARN_UNGUARDED_AVAILABILITY = YES_AGGRESSIVE;
				CLANG_WARN_UNREACHABLE_CODE = YES;
				CLANG_WARN__DUPLICATE_METHOD_MATCH = YES;
				CODE_SIGN_IDENTITY = "iPhone Developer";
				COPY_PHASE_STRIP = NO;
				DEBUG_INFORMATION_FORMAT = dwarf;
				ENABLE_STRICT_OBJC_MSGSEND = YES;
				ENABLE_TESTABILITY = YES;
				GCC_C_LANGUAGE_STANDARD = gnu11;
				GCC_DYNAMIC_NO_PIC = NO;
				GCC_NO_COMMON_BLOCKS = YES;
				GCC_OPTIMIZATION_LEVEL = 0;
				GCC_PREPROCESSOR_DEFINITIONS = (
					"DEBUG=1",
					"$(inherited)",
				);
				GCC_WARN_64_TO_32_BIT_CONVERSION = YES;
				GCC_WARN_ABOUT_RETURN_TYPE = YES_ERROR;
				GCC_WARN_UNDECLARED_SELECTOR = YES;
				GCC_WARN_UNINITIALIZED_AUTOS = YES_AGGRESSIVE;
				GCC_WARN_UNUSED_FUNCTION = YES;
				GCC_WARN_UNUSED_VARIABLE = YES;
				IPHONEOS_DEPLOYMENT_TARGET = 11.3;
				MTL_ENABLE_DEBUG_INFO = YES;
				ONLY_ACTIVE_ARCH = YES;
				SDKROOT = iphoneos;
			};
			name = Debug;
		};
		0B4E501920AAE71B00021972 /* Release */ = {
			isa = XCBuildConfiguration;
			buildSettings = {
				ALWAYS_SEARCH_USER_PATHS = NO;
				CLANG_ANALYZER_NONNULL = YES;
				CLANG_ANALYZER_NUMBER_OBJECT_CONVERSION = YES_AGGRESSIVE;
				CLANG_CXX_LANGUAGE_STANDARD = "gnu++14";
				CLANG_CXX_LIBRARY = "libc++";
				CLANG_ENABLE_MODULES = YES;
				CLANG_ENABLE_OBJC_ARC = YES;
				CLANG_ENABLE_OBJC_WEAK = YES;
				CLANG_WARN_BLOCK_CAPTURE_AUTORELEASING = YES;
				CLANG_WARN_BOOL_CONVERSION = YES;
				CLANG_WARN_COMMA = YES;
				CLANG_WARN_CONSTANT_CONVERSION = YES;
				CLANG_WARN_DEPRECATED_OBJC_IMPLEMENTATIONS = YES;
				CLANG_WARN_DIRECT_OBJC_ISA_USAGE = YES_ERROR;
				CLANG_WARN_DOCUMENTATION_COMMENTS = YES;
				CLANG_WARN_EMPTY_BODY = YES;
				CLANG_WARN_ENUM_CONVERSION = YES;
				CLANG_WARN_INFINITE_RECURSION = YES;
				CLANG_WARN_INT_CONVERSION = YES;
				CLANG_WARN_NON_LITERAL_NULL_CONVERSION = YES;
				CLANG_WARN_OBJC_IMPLICIT_RETAIN_SELF = YES;
				CLANG_WARN_OBJC_LITERAL_CONVERSION = YES;
				CLANG_WARN_OBJC_ROOT_CLASS = YES_ERROR;
				CLANG_WARN_RANGE_LOOP_ANALYSIS = YES;
				CLANG_WARN_STRICT_PROTOTYPES = YES;
				CLANG_WARN_SUSPICIOUS_MOVE = YES;
				CLANG_WARN_UNGUARDED_AVAILABILITY = YES_AGGRESSIVE;
				CLANG_WARN_UNREACHABLE_CODE = YES;
				CLANG_WARN__DUPLICATE_METHOD_MATCH = YES;
				CODE_SIGN_IDENTITY = "iPhone Developer";
				COPY_PHASE_STRIP = NO;
				DEBUG_INFORMATION_FORMAT = "dwarf-with-dsym";
				ENABLE_NS_ASSERTIONS = NO;
				ENABLE_STRICT_OBJC_MSGSEND = YES;
				GCC_C_LANGUAGE_STANDARD = gnu11;
				GCC_NO_COMMON_BLOCKS = YES;
				GCC_WARN_64_TO_32_BIT_CONVERSION = YES;
				GCC_WARN_ABOUT_RETURN_TYPE = YES_ERROR;
				GCC_WARN_UNDECLARED_SELECTOR = YES;
				GCC_WARN_UNINITIALIZED_AUTOS = YES_AGGRESSIVE;
				GCC_WARN_UNUSED_FUNCTION = YES;
				GCC_WARN_UNUSED_VARIABLE = YES;
				IPHONEOS_DEPLOYMENT_TARGET = 11.3;
				MTL_ENABLE_DEBUG_INFO = NO;
				SDKROOT = iphoneos;
				VALIDATE_PRODUCT = YES;
			};
			name = Release;
		};
		0B4E501B20AAE71B00021972 /* Debug */ = {
			isa = XCBuildConfiguration;
			baseConfigurationReference = 085416145E5A1159E218A55C /* Pods-YTableEx.debug.xcconfig */;
			buildSettings = {
				ASSETCATALOG_COMPILER_APPICON_NAME = AppIcon;
				CODE_SIGN_STYLE = Automatic;
				DEVELOPMENT_TEAM = 86C6KB8P28;
				INFOPLIST_FILE = YTableEx/Info.plist;
				IPHONEOS_DEPLOYMENT_TARGET = 8.0;
				LD_RUNPATH_SEARCH_PATHS = (
					"$(inherited)",
					"@executable_path/Frameworks",
				);
				PRODUCT_BUNDLE_IDENTIFIER = Y.YTableEx;
				PRODUCT_NAME = "$(TARGET_NAME)";
				TARGETED_DEVICE_FAMILY = "1,2";
			};
			name = Debug;
		};
		0B4E501C20AAE71B00021972 /* Release */ = {
			isa = XCBuildConfiguration;
			baseConfigurationReference = 6F8F401B965561F3DA3AECA9 /* Pods-YTableEx.release.xcconfig */;
			buildSettings = {
				ASSETCATALOG_COMPILER_APPICON_NAME = AppIcon;
				CODE_SIGN_STYLE = Automatic;
				DEVELOPMENT_TEAM = 86C6KB8P28;
				INFOPLIST_FILE = YTableEx/Info.plist;
				IPHONEOS_DEPLOYMENT_TARGET = 8.0;
				LD_RUNPATH_SEARCH_PATHS = (
					"$(inherited)",
					"@executable_path/Frameworks",
				);
				PRODUCT_BUNDLE_IDENTIFIER = Y.YTableEx;
				PRODUCT_NAME = "$(TARGET_NAME)";
				TARGETED_DEVICE_FAMILY = "1,2";
			};
			name = Release;
		};
		0B4E501E20AAE71B00021972 /* Debug */ = {
			isa = XCBuildConfiguration;
			buildSettings = {
				BUNDLE_LOADER = "$(TEST_HOST)";
				CODE_SIGN_STYLE = Automatic;
				DEVELOPMENT_TEAM = 86C6KB8P28;
				INFOPLIST_FILE = YTableExTests/Info.plist;
				LD_RUNPATH_SEARCH_PATHS = (
					"$(inherited)",
					"@executable_path/Frameworks",
					"@loader_path/Frameworks",
				);
				PRODUCT_BUNDLE_IDENTIFIER = Y.YTableExTests;
				PRODUCT_NAME = "$(TARGET_NAME)";
				TARGETED_DEVICE_FAMILY = "1,2";
				TEST_HOST = "$(BUILT_PRODUCTS_DIR)/YTableEx.app/YTableEx";
			};
			name = Debug;
		};
		0B4E501F20AAE71B00021972 /* Release */ = {
			isa = XCBuildConfiguration;
			buildSettings = {
				BUNDLE_LOADER = "$(TEST_HOST)";
				CODE_SIGN_STYLE = Automatic;
				DEVELOPMENT_TEAM = 86C6KB8P28;
				INFOPLIST_FILE = YTableExTests/Info.plist;
				LD_RUNPATH_SEARCH_PATHS = (
					"$(inherited)",
					"@executable_path/Frameworks",
					"@loader_path/Frameworks",
				);
				PRODUCT_BUNDLE_IDENTIFIER = Y.YTableExTests;
				PRODUCT_NAME = "$(TARGET_NAME)";
				TARGETED_DEVICE_FAMILY = "1,2";
				TEST_HOST = "$(BUILT_PRODUCTS_DIR)/YTableEx.app/YTableEx";
			};
			name = Release;
		};
		0B4E502120AAE71B00021972 /* Debug */ = {
			isa = XCBuildConfiguration;
			buildSettings = {
				CODE_SIGN_STYLE = Automatic;
				DEVELOPMENT_TEAM = 86C6KB8P28;
				INFOPLIST_FILE = YTableExUITests/Info.plist;
				LD_RUNPATH_SEARCH_PATHS = (
					"$(inherited)",
					"@executable_path/Frameworks",
					"@loader_path/Frameworks",
				);
				PRODUCT_BUNDLE_IDENTIFIER = Y.YTableExUITests;
				PRODUCT_NAME = "$(TARGET_NAME)";
				TARGETED_DEVICE_FAMILY = "1,2";
				TEST_TARGET_NAME = YTableEx;
			};
			name = Debug;
		};
		0B4E502220AAE71B00021972 /* Release */ = {
			isa = XCBuildConfiguration;
			buildSettings = {
				CODE_SIGN_STYLE = Automatic;
				DEVELOPMENT_TEAM = 86C6KB8P28;
				INFOPLIST_FILE = YTableExUITests/Info.plist;
				LD_RUNPATH_SEARCH_PATHS = (
					"$(inherited)",
					"@executable_path/Frameworks",
					"@loader_path/Frameworks",
				);
				PRODUCT_BUNDLE_IDENTIFIER = Y.YTableExUITests;
				PRODUCT_NAME = "$(TARGET_NAME)";
				TARGETED_DEVICE_FAMILY = "1,2";
				TEST_TARGET_NAME = YTableEx;
			};
			name = Release;
		};
/* End XCBuildConfiguration section */

/* Begin XCConfigurationList section */
		0B4E4FE920AAE71700021972 /* Build configuration list for PBXProject "YTableEx" */ = {
			isa = XCConfigurationList;
			buildConfigurations = (
				0B4E501820AAE71B00021972 /* Debug */,
				0B4E501920AAE71B00021972 /* Release */,
			);
			defaultConfigurationIsVisible = 0;
			defaultConfigurationName = Release;
		};
		0B4E501A20AAE71B00021972 /* Build configuration list for PBXNativeTarget "YTableEx" */ = {
			isa = XCConfigurationList;
			buildConfigurations = (
				0B4E501B20AAE71B00021972 /* Debug */,
				0B4E501C20AAE71B00021972 /* Release */,
			);
			defaultConfigurationIsVisible = 0;
			defaultConfigurationName = Release;
		};
		0B4E501D20AAE71B00021972 /* Build configuration list for PBXNativeTarget "YTableExTests" */ = {
			isa = XCConfigurationList;
			buildConfigurations = (
				0B4E501E20AAE71B00021972 /* Debug */,
				0B4E501F20AAE71B00021972 /* Release */,
			);
			defaultConfigurationIsVisible = 0;
			defaultConfigurationName = Release;
		};
		0B4E502020AAE71B00021972 /* Build configuration list for PBXNativeTarget "YTableExUITests" */ = {
			isa = XCConfigurationList;
			buildConfigurations = (
				0B4E502120AAE71B00021972 /* Debug */,
				0B4E502220AAE71B00021972 /* Release */,
			);
			defaultConfigurationIsVisible = 0;
			defaultConfigurationName = Release;
		};
/* End XCConfigurationList section */
	};
	rootObject = 0B4E4FE620AAE71700021972 /* Project object */;
}
